
Microsoft Visual Studio Solution File, Format Version 12.00
# Visual Studio 15
VisualStudioVersion = 15.0.28307.1000
MinimumVisualStudioVersion = 10.0.40219.1
Project("{9A19103F-16F7-4668-BE54-9A1E7A4F7556}") = "seed2.BLL", "seed2.BLL\seed2.BLL.csproj", "{CEF475EA-5F2F-4550-BD4B-1926D6701908}"
EndProject
Project("{9A19103F-16F7-4668-BE54-9A1E7A4F7556}") = "seed2.DAL", "seed2.DAL\seed2.DAL.csproj", "{9967B8B2-3838-469F-8E4B-60AFA2284586}"
EndProject
Project("{9A19103F-16F7-4668-BE54-9A1E7A4F7556}") = "seed2.Domain", "seed2.Domain\seed2.Domain.csproj", "{931DE086-5AFD-4B42-B4B0-3D95956AFAB6}"
EndProject
Project("{9A19103F-16F7-4668-BE54-9A1E7A4F7556}") = "seed2.API", "seed2.API\seed2.API.csproj", "{62DA0413-95ED-4B8A-9DAA-56D44B64F783}"
EndProject
Global
	GlobalSection(SolutionConfigurationPlatforms) = preSolution
		Debug|Any CPU = Debug|Any CPU
		Release|Any CPU = Release|Any CPU
	EndGlobalSection
	GlobalSection(ProjectConfigurationPlatforms) = postSolution
		{CEF475EA-5F2F-4550-BD4B-1926D6701908}.Debug|Any CPU.ActiveCfg = Debug|Any CPU
		{CEF475EA-5F2F-4550-BD4B-1926D6701908}.Debug|Any CPU.Build.0 = Debug|Any CPU
		{CEF475EA-5F2F-4550-BD4B-1926D6701908}.Release|Any CPU.ActiveCfg = Release|Any CPU
		{CEF475EA-5F2F-4550-BD4B-1926D6701908}.Release|Any CPU.Build.0 = Release|Any CPU
		{9967B8B2-3838-469F-8E4B-60AFA2284586}.Debug|Any CPU.ActiveCfg = Debug|Any CPU
		{9967B8B2-3838-469F-8E4B-60AFA2284586}.Debug|Any CPU.Build.0 = Debug|Any CPU
		{9967B8B2-3838-469F-8E4B-60AFA2284586}.Release|Any CPU.ActiveCfg = Release|Any CPU
		{9967B8B2-3838-469F-8E4B-60AFA2284586}.Release|Any CPU.Build.0 = Release|Any CPU
		{931DE086-5AFD-4B42-B4B0-3D95956AFAB6}.Debug|Any CPU.ActiveCfg = Debug|Any CPU
		{931DE086-5AFD-4B42-B4B0-3D95956AFAB6}.Debug|Any CPU.Build.0 = Debug|Any CPU
		{931DE086-5AFD-4B42-B4B0-3D95956AFAB6}.Release|Any CPU.ActiveCfg = Release|Any CPU
		{931DE086-5AFD-4B42-B4B0-3D95956AFAB6}.Release|Any CPU.Build.0 = Release|Any CPU
		{62DA0413-95ED-4B8A-9DAA-56D44B64F783}.Debug|Any CPU.ActiveCfg = Debug|Any CPU
		{62DA0413-95ED-4B8A-9DAA-56D44B64F783}.Debug|Any CPU.Build.0 = Debug|Any CPU
		{62DA0413-95ED-4B8A-9DAA-56D44B64F783}.Release|Any CPU.ActiveCfg = Release|Any CPU
		{62DA0413-95ED-4B8A-9DAA-56D44B64F783}.Release|Any CPU.Build.0 = Release|Any CPU
	EndGlobalSection
	GlobalSection(SolutionProperties) = preSolution
		HideSolutionNode = FALSE
	EndGlobalSection
	GlobalSection(ExtensibilityGlobals) = postSolution
		SolutionGuid = {707D3F62-95D9-4B03-AE6B-EBEF21B665D1}
	EndGlobalSection
EndGlobal
